
Microsoft Visual Studio Solution File, Format Version 11.00
# Visual Studio 2010
Project("{8BC9CEB8-8B4A-11D0-8D11-00A0C91BC942}") = "3d", "3d.vcxproj", "{29B057CD-3143-4545-BD51-49351AEA2EB5}"
EndProject
Project("{8BC9CEB8-8B4A-11D0-8D11-00A0C91BC942}") = "asyncio", "asyncio.vcxproj", "{61373D31-D534-4F6A-8B66-9918BDC05E5D}"
EndProject
Project("{8BC9CEB8-8B4A-11D0-8D11-00A0C91BC942}") = "channel_groups", "channel_groups.vcxproj", "{AEF2F967-E921-47F8-AFF8-87CE05BA931A}"
EndProject
Project("{8BC9CEB8-8B4A-11D0-8D11-00A0C91BC942}") = "convolution_reverb", "convolution_reverb.vcxproj", "{9F3AB89D-F110-48C5-B90C-C508FD51CBEE}"
EndProject
Project("{8BC9CEB8-8B4A-11D0-8D11-00A0C91BC942}") = "dsp_custom", "dsp_custom.vcxproj", "{52BBCB4F-D55F-4B00-BC08-D6F55502C12E}"
EndProject
Project("{8BC9CEB8-8B4A-11D0-8D11-00A0C91BC942}") = "dsp_effect_per_speaker", "dsp_effect_per_speaker.vcxproj", "{6B323E83-AB91-4E79-8026-84B2904832B6}"
EndProject
Project("{8BC9CEB8-8B4A-11D0-8D11-00A0C91BC942}") = "dsp_inspector", "dsp_inspector.vcxproj", "{55B82883-7D75-43A3-96E5-48DC3A7DFC66}"
EndProject
Project("{8BC9CEB8-8B4A-11D0-8D11-00A0C91BC942}") = "effects", "effects.vcxproj", "{253C823F-2B16-43A1-A487-C455766A30B5}"
EndProject
Project("{8BC9CEB8-8B4A-11D0-8D11-00A0C91BC942}") = "gapless_playback", "gapless_playback.vcxproj", "{E9767E81-9AD3-4C6E-A80C-009104484937}"
EndProject
Project("{8BC9CEB8-8B4A-11D0-8D11-00A0C91BC942}") = "generate_tone", "generate_tone.vcxproj", "{B0651742-059C-4E10-A53A-AB9944E54C02}"
EndProject
Project("{8BC9CEB8-8B4A-11D0-8D11-00A0C91BC942}") = "granular_synth", "granular_synth.vcxproj", "{3D622E6D-546F-4A44-B7EC-9BFDE4E471DE}"
EndProject
Project("{8BC9CEB8-8B4A-11D0-8D11-00A0C91BC942}") = "load_from_memory", "load_from_memory.vcxproj", "{E9A350CA-B51D-4B81-829E-B57EFE586495}"
EndProject
Project("{8BC9CEB8-8B4A-11D0-8D11-00A0C91BC942}") = "multiple_speaker", "multiple_speaker.vcxproj", "{A26ADEAB-1ACB-4D3F-AC5E-91995E308D41}"
EndProject
Project("{8BC9CEB8-8B4A-11D0-8D11-00A0C91BC942}") = "multiple_system", "multiple_system.vcxproj", "{830B766E-E993-4796-A45C-A2AC773ED338}"
EndProject
Project("{8BC9CEB8-8B4A-11D0-8D11-00A0C91BC942}") = "net_stream", "net_stream.vcxproj", "{5838C2F3-CE27-43BC-AB14-646A76F3FB10}"
EndProject
Project("{8BC9CEB8-8B4A-11D0-8D11-00A0C91BC942}") = "play_sound", "play_sound.vcxproj", "{FB255225-42E2-4EC0-B1CE-62E9C6E1E2CE}"
EndProject
Project("{8BC9CEB8-8B4A-11D0-8D11-00A0C91BC942}") = "play_stream", "play_stream.vcxproj", "{F2464D5A-2CE1-43F7-9E8F-D8808816865D}"
EndProject
Project("{8BC9CEB8-8B4A-11D0-8D11-00A0C91BC942}") = "record", "record.vcxproj", "{77112A51-2FA5-4CC8-9F96-F8065105CED5}"
EndProject
Project("{8BC9CEB8-8B4A-11D0-8D11-00A0C91BC942}") = "user_created_sound", "user_created_sound.vcxproj", "{F07B1FDD-CF8C-4332-8F2A-3214B523AA71}"
EndProject
Project("{8BC9CEB8-8B4A-11D0-8D11-00A0C91BC942}") = "fmod_codec_raw", "fmod_codec_raw.vcxproj", "{AE08DB84-613F-4B2D-A5BD-427848120ADE}"
EndProject
Project("{8BC9CEB8-8B4A-11D0-8D11-00A0C91BC942}") = "fmod_distance_filter", "fmod_distance_filter.vcxproj", "{7A69CDCE-D5B3-4111-A98B-69FE2AAEBB5D}"
EndProject
Project("{8BC9CEB8-8B4A-11D0-8D11-00A0C91BC942}") = "fmod_gain", "fmod_gain.vcxproj", "{4DD281D5-03D9-4951-BF02-22F0B6C8C25D}"
EndProject
Project("{8BC9CEB8-8B4A-11D0-8D11-00A0C91BC942}") = "fmod_noise", "fmod_noise.vcxproj", "{D570A86B-A13A-4694-B69F-2954E6A1BDF0}"
EndProject
Global
	GlobalSection(SolutionConfigurationPlatforms) = preSolution
		Debug|Win32 = Debug|Win32
		Debug|x64 = Debug|x64
		Release|Win32 = Release|Win32
		Release|x64 = Release|x64
	EndGlobalSection
	GlobalSection(ProjectConfigurationPlatforms) = postSolution
		{29B057CD-3143-4545-BD51-49351AEA2EB5}.Debug|Win32.ActiveCfg = Debug|Win32
		{29B057CD-3143-4545-BD51-49351AEA2EB5}.Debug|Win32.Build.0 = Debug|Win32
		{29B057CD-3143-4545-BD51-49351AEA2EB5}.Debug|Win32.Deploy.0 = Debug|Win32
		{29B057CD-3143-4545-BD51-49351AEA2EB5}.Debug|x64.ActiveCfg = Debug|x64
		{29B057CD-3143-4545-BD51-49351AEA2EB5}.Debug|x64.Build.0 = Debug|x64
		{29B057CD-3143-4545-BD51-49351AEA2EB5}.Debug|x64.Deploy.0 = Debug|x64
		{29B057CD-3143-4545-BD51-49351AEA2EB5}.Release|Win32.ActiveCfg = Release|Win32
		{29B057CD-3143-4545-BD51-49351AEA2EB5}.Release|Win32.Build.0 = Release|Win32
		{29B057CD-3143-4545-BD51-49351AEA2EB5}.Release|Win32.Deploy.0 = Release|Win32
		{29B057CD-3143-4545-BD51-49351AEA2EB5}.Release|x64.ActiveCfg = Release|x64
		{29B057CD-3143-4545-BD51-49351AEA2EB5}.Release|x64.Build.0 = Release|x64
		{29B057CD-3143-4545-BD51-49351AEA2EB5}.Release|x64.Deploy.0 = Release|x64
		{61373D31-D534-4F6A-8B66-9918BDC05E5D}.Debug|Win32.ActiveCfg = Debug|Win32
		{61373D31-D534-4F6A-8B66-9918BDC05E5D}.Debug|Win32.Build.0 = Debug|Win32
		{61373D31-D534-4F6A-8B66-9918BDC05E5D}.Debug|Win32.Deploy.0 = Debug|Win32
		{61373D31-D534-4F6A-8B66-9918BDC05E5D}.Debug|x64.ActiveCfg = Debug|x64
		{61373D31-D534-4F6A-8B66-9918BDC05E5D}.Debug|x64.Build.0 = Debug|x64
		{61373D31-D534-4F6A-8B66-9918BDC05E5D}.Debug|x64.Deploy.0 = Debug|x64
		{61373D31-D534-4F6A-8B66-9918BDC05E5D}.Release|Win32.ActiveCfg = Release|Win32
		{61373D31-D534-4F6A-8B66-9918BDC05E5D}.Release|Win32.Build.0 = Release|Win32
		{61373D31-D534-4F6A-8B66-9918BDC05E5D}.Release|Win32.Deploy.0 = Release|Win32
		{61373D31-D534-4F6A-8B66-9918BDC05E5D}.Release|x64.ActiveCfg = Release|x64
		{61373D31-D534-4F6A-8B66-9918BDC05E5D}.Release|x64.Build.0 = Release|x64
		{61373D31-D534-4F6A-8B66-9918BDC05E5D}.Release|x64.Deploy.0 = Release|x64
		{AEF2F967-E921-47F8-AFF8-87CE05BA931A}.Debug|Win32.ActiveCfg = Debug|Win32
		{AEF2F967-E921-47F8-AFF8-87CE05BA931A}.Debug|Win32.Build.0 = Debug|Win32
		{AEF2F967-E921-47F8-AFF8-87CE05BA931A}.Debug|Win32.Deploy.0 = Debug|Win32
		{AEF2F967-E921-47F8-AFF8-87CE05BA931A}.Debug|x64.ActiveCfg = Debug|x64
		{AEF2F967-E921-47F8-AFF8-87CE05BA931A}.Debug|x64.Build.0 = Debug|x64
		{AEF2F967-E921-47F8-AFF8-87CE05BA931A}.Debug|x64.Deploy.0 = Debug|x64
		{AEF2F967-E921-47F8-AFF8-87CE05BA931A}.Release|Win32.ActiveCfg = Release|Win32
		{AEF2F967-E921-47F8-AFF8-87CE05BA931A}.Release|Win32.Build.0 = Release|Win32
		{AEF2F967-E921-47F8-AFF8-87CE05BA931A}.Release|Win32.Deploy.0 = Release|Win32
		{AEF2F967-E921-47F8-AFF8-87CE05BA931A}.Release|x64.ActiveCfg = Release|x64
		{AEF2F967-E921-47F8-AFF8-87CE05BA931A}.Release|x64.Build.0 = Release|x64
		{AEF2F967-E921-47F8-AFF8-87CE05BA931A}.Release|x64.Deploy.0 = Release|x64
		{9F3AB89D-F110-48C5-B90C-C508FD51CBEE}.Debug|Win32.ActiveCfg = Debug|Win32
		{9F3AB89D-F110-48C5-B90C-C508FD51CBEE}.Debug|Win32.Build.0 = Debug|Win32
		{9F3AB89D-F110-48C5-B90C-C508FD51CBEE}.Debug|Win32.Deploy.0 = Debug|Win32
		{9F3AB89D-F110-48C5-B90C-C508FD51CBEE}.Debug|x64.ActiveCfg = Debug|x64
		{9F3AB89D-F110-48C5-B90C-C508FD51CBEE}.Debug|x64.Build.0 = Debug|x64
		{9F3AB89D-F110-48C5-B90C-C508FD51CBEE}.Debug|x64.Deploy.0 = Debug|x64
		{9F3AB89D-F110-48C5-B90C-C508FD51CBEE}.Release|Win32.ActiveCfg = Release|Win32
		{9F3AB89D-F110-48C5-B90C-C508FD51CBEE}.Release|Win32.Build.0 = Release|Win32
		{9F3AB89D-F110-48C5-B90C-C508FD51CBEE}.Release|Win32.Deploy.0 = Release|Win32
		{9F3AB89D-F110-48C5-B90C-C508FD51CBEE}.Release|x64.ActiveCfg = Release|x64
		{9F3AB89D-F110-48C5-B90C-C508FD51CBEE}.Release|x64.Build.0 = Release|x64
		{9F3AB89D-F110-48C5-B90C-C508FD51CBEE}.Release|x64.Deploy.0 = Release|x64
		{52BBCB4F-D55F-4B00-BC08-D6F55502C12E}.Debug|Win32.ActiveCfg = Debug|Win32
		{52BBCB4F-D55F-4B00-BC08-D6F55502C12E}.Debug|Win32.Build.0 = Debug|Win32
		{52BBCB4F-D55F-4B00-BC08-D6F55502C12E}.Debug|Win32.Deploy.0 = Debug|Win32
		{52BBCB4F-D55F-4B00-BC08-D6F55502C12E}.Debug|x64.ActiveCfg = Debug|x64
		{52BBCB4F-D55F-4B00-BC08-D6F55502C12E}.Debug|x64.Build.0 = Debug|x64
		{52BBCB4F-D55F-4B00-BC08-D6F55502C12E}.Debug|x64.Deploy.0 = Debug|x64
		{52BBCB4F-D55F-4B00-BC08-D6F55502C12E}.Release|Win32.ActiveCfg = Release|Win32
		{52BBCB4F-D55F-4B00-BC08-D6F55502C12E}.Release|Win32.Build.0 = Release|Win32
		{52BBCB4F-D55F-4B00-BC08-D6F55502C12E}.Release|Win32.Deploy.0 = Release|Win32
		{52BBCB4F-D55F-4B00-BC08-D6F55502C12E}.Release|x64.ActiveCfg = Release|x64
		{52BBCB4F-D55F-4B00-BC08-D6F55502C12E}.Release|x64.Build.0 = Release|x64
		{52BBCB4F-D55F-4B00-BC08-D6F55502C12E}.Release|x64.Deploy.0 = Release|x64
		{6B323E83-AB91-4E79-8026-84B2904832B6}.Debug|Win32.ActiveCfg = Debug|Win32
		{6B323E83-AB91-4E79-8026-84B2904832B6}.Debug|Win32.Build.0 = Debug|Win32
		{6B323E83-AB91-4E79-8026-84B2904832B6}.Debug|Win32.Deploy.0 = Debug|Win32
		{6B323E83-AB91-4E79-8026-84B2904832B6}.Debug|x64.ActiveCfg = Debug|x64
		{6B323E83-AB91-4E79-8026-84B2904832B6}.Debug|x64.Build.0 = Debug|x64
		{6B323E83-AB91-4E79-8026-84B2904832B6}.Debug|x64.Deploy.0 = Debug|x64
		{6B323E83-AB91-4E79-8026-84B2904832B6}.Release|Win32.ActiveCfg = Release|Win32
		{6B323E83-AB91-4E79-8026-84B2904832B6}.Release|Win32.Build.0 = Release|Win32
		{6B323E83-AB91-4E79-8026-84B2904832B6}.Release|Win32.Deploy.0 = Release|Win32
		{6B323E83-AB91-4E79-8026-84B2904832B6}.Release|x64.ActiveCfg = Release|x64
		{6B323E83-AB91-4E79-8026-84B2904832B6}.Release|x64.Build.0 = Release|x64
		{6B323E83-AB91-4E79-8026-84B2904832B6}.Release|x64.Deploy.0 = Release|x64
		{55B82883-7D75-43A3-96E5-48DC3A7DFC66}.Debug|Win32.ActiveCfg = Debug|Win32
		{55B82883-7D75-43A3-96E5-48DC3A7DFC66}.Debug|Win32.Build.0 = Debug|Win32
		{55B82883-7D75-43A3-96E5-48DC3A7DFC66}.Debug|Win32.Deploy.0 = Debug|Win32
		{55B82883-7D75-43A3-96E5-48DC3A7DFC66}.Debug|x64.ActiveCfg = Debug|x64
		{55B82883-7D75-43A3-96E5-48DC3A7DFC66}.Debug|x64.Build.0 = Debug|x64
		{55B82883-7D75-43A3-96E5-48DC3A7DFC66}.Debug|x64.Deploy.0 = Debug|x64
		{55B82883-7D75-43A3-96E5-48DC3A7DFC66}.Release|Win32.ActiveCfg = Release|Win32
		{55B82883-7D75-43A3-96E5-48DC3A7DFC66}.Release|Win32.Build.0 = Release|Win32
		{55B82883-7D75-43A3-96E5-48DC3A7DFC66}.Release|Win32.Deploy.0 = Release|Win32
		{55B82883-7D75-43A3-96E5-48DC3A7DFC66}.Release|x64.ActiveCfg = Release|x64
		{55B82883-7D75-43A3-96E5-48DC3A7DFC66}.Release|x64.Build.0 = Release|x64
		{55B82883-7D75-43A3-96E5-48DC3A7DFC66}.Release|x64.Deploy.0 = Release|x64
		{253C823F-2B16-43A1-A487-C455766A30B5}.Debug|Win32.ActiveCfg = Debug|Win32
		{253C823F-2B16-43A1-A487-C455766A30B5}.Debug|Win32.Build.0 = Debug|Win32
		{253C823F-2B16-43A1-A487-C455766A30B5}.Debug|Win32.Deploy.0 = Debug|Win32
		{253C823F-2B16-43A1-A487-C455766A30B5}.Debug|x64.ActiveCfg = Debug|x64
		{253C823F-2B16-43A1-A487-C455766A30B5}.Debug|x64.Build.0 = Debug|x64
		{253C823F-2B16-43A1-A487-C455766A30B5}.Debug|x64.Deploy.0 = Debug|x64
		{253C823F-2B16-43A1-A487-C455766A30B5}.Release|Win32.ActiveCfg = Release|Win32
		{253C823F-2B16-43A1-A487-C455766A30B5}.Release|Win32.Build.0 = Release|Win32
		{253C823F-2B16-43A1-A487-C455766A30B5}.Release|Win32.Deploy.0 = Release|Win32
		{253C823F-2B16-43A1-A487-C455766A30B5}.Release|x64.ActiveCfg = Release|x64
		{253C823F-2B16-43A1-A487-C455766A30B5}.Release|x64.Build.0 = Release|x64
		{253C823F-2B16-43A1-A487-C455766A30B5}.Release|x64.Deploy.0 = Release|x64
		{E9767E81-9AD3-4C6E-A80C-009104484937}.Debug|Win32.ActiveCfg = Debug|Win32
		{E9767E81-9AD3-4C6E-A80C-009104484937}.Debug|Win32.Build.0 = Debug|Win32
		{E9767E81-9AD3-4C6E-A80C-009104484937}.Debug|Win32.Deploy.0 = Debug|Win32
		{E9767E81-9AD3-4C6E-A80C-009104484937}.Debug|x64.ActiveCfg = Debug|x64
		{E9767E81-9AD3-4C6E-A80C-009104484937}.Debug|x64.Build.0 = Debug|x64
		{E9767E81-9AD3-4C6E-A80C-009104484937}.Debug|x64.Deploy.0 = Debug|x64
		{E9767E81-9AD3-4C6E-A80C-009104484937}.Release|Win32.ActiveCfg = Release|Win32
		{E9767E81-9AD3-4C6E-A80C-009104484937}.Release|Win32.Build.0 = Release|Win32
		{E9767E81-9AD3-4C6E-A80C-009104484937}.Release|Win32.Deploy.0 = Release|Win32
		{E9767E81-9AD3-4C6E-A80C-009104484937}.Release|x64.ActiveCfg = Release|x64
		{E9767E81-9AD3-4C6E-A80C-009104484937}.Release|x64.Build.0 = Release|x64
		{E9767E81-9AD3-4C6E-A80C-009104484937}.Release|x64.Deploy.0 = Release|x64
		{B0651742-059C-4E10-A53A-AB9944E54C02}.Debug|Win32.ActiveCfg = Debug|Win32
		{B0651742-059C-4E10-A53A-AB9944E54C02}.Debug|Win32.Build.0 = Debug|Win32
		{B0651742-059C-4E10-A53A-AB9944E54C02}.Debug|Win32.Deploy.0 = Debug|Win32
		{B0651742-059C-4E10-A53A-AB9944E54C02}.Debug|x64.ActiveCfg = Debug|x64
		{B0651742-059C-4E10-A53A-AB9944E54C02}.Debug|x64.Build.0 = Debug|x64
		{B0651742-059C-4E10-A53A-AB9944E54C02}.Debug|x64.Deploy.0 = Debug|x64
		{B0651742-059C-4E10-A53A-AB9944E54C02}.Release|Win32.ActiveCfg = Release|Win32
		{B0651742-059C-4E10-A53A-AB9944E54C02}.Release|Win32.Build.0 = Release|Win32
		{B0651742-059C-4E10-A53A-AB9944E54C02}.Release|Win32.Deploy.0 = Release|Win32
		{B0651742-059C-4E10-A53A-AB9944E54C02}.Release|x64.ActiveCfg = Release|x64
		{B0651742-059C-4E10-A53A-AB9944E54C02}.Release|x64.Build.0 = Release|x64
		{B0651742-059C-4E10-A53A-AB9944E54C02}.Release|x64.Deploy.0 = Release|x64
		{3D622E6D-546F-4A44-B7EC-9BFDE4E471DE}.Debug|Win32.ActiveCfg = Debug|Win32
		{3D622E6D-546F-4A44-B7EC-9BFDE4E471DE}.Debug|Win32.Build.0 = Debug|Win32
		{3D622E6D-546F-4A44-B7EC-9BFDE4E471DE}.Debug|Win32.Deploy.0 = Debug|Win32
		{3D622E6D-546F-4A44-B7EC-9BFDE4E471DE}.Debug|x64.ActiveCfg = Debug|x64
		{3D622E6D-546F-4A44-B7EC-9BFDE4E471DE}.Debug|x64.Build.0 = Debug|x64
		{3D622E6D-546F-4A44-B7EC-9BFDE4E471DE}.Debug|x64.Deploy.0 = Debug|x64
		{3D622E6D-546F-4A44-B7EC-9BFDE4E471DE}.Release|Win32.ActiveCfg = Release|Win32
		{3D622E6D-546F-4A44-B7EC-9BFDE4E471DE}.Release|Win32.Build.0 = Release|Win32
		{3D622E6D-546F-4A44-B7EC-9BFDE4E471DE}.Release|Win32.Deploy.0 = Release|Win32
		{3D622E6D-546F-4A44-B7EC-9BFDE4E471DE}.Release|x64.ActiveCfg = Release|x64
		{3D622E6D-546F-4A44-B7EC-9BFDE4E471DE}.Release|x64.Build.0 = Release|x64
		{3D622E6D-546F-4A44-B7EC-9BFDE4E471DE}.Release|x64.Deploy.0 = Release|x64
		{E9A350CA-B51D-4B81-829E-B57EFE586495}.Debug|Win32.ActiveCfg = Debug|Win32
		{E9A350CA-B51D-4B81-829E-B57EFE586495}.Debug|Win32.Build.0 = Debug|Win32
		{E9A350CA-B51D-4B81-829E-B57EFE586495}.Debug|Win32.Deploy.0 = Debug|Win32
		{E9A350CA-B51D-4B81-829E-B57EFE586495}.Debug|x64.ActiveCfg = Debug|x64
		{E9A350CA-B51D-4B81-829E-B57EFE586495}.Debug|x64.Build.0 = Debug|x64
		{E9A350CA-B51D-4B81-829E-B57EFE586495}.Debug|x64.Deploy.0 = Debug|x64
		{E9A350CA-B51D-4B81-829E-B57EFE586495}.Release|Win32.ActiveCfg = Release|Win32
		{E9A350CA-B51D-4B81-829E-B57EFE586495}.Release|Win32.Build.0 = Release|Win32
		{E9A350CA-B51D-4B81-829E-B57EFE586495}.Release|Win32.Deploy.0 = Release|Win32
		{E9A350CA-B51D-4B81-829E-B57EFE586495}.Release|x64.ActiveCfg = Release|x64
		{E9A350CA-B51D-4B81-829E-B57EFE586495}.Release|x64.Build.0 = Release|x64
		{E9A350CA-B51D-4B81-829E-B57EFE586495}.Release|x64.Deploy.0 = Release|x64
		{A26ADEAB-1ACB-4D3F-AC5E-91995E308D41}.Debug|Win32.ActiveCfg = Debug|Win32
		{A26ADEAB-1ACB-4D3F-AC5E-91995E308D41}.Debug|Win32.Build.0 = Debug|Win32
		{A26ADEAB-1ACB-4D3F-AC5E-91995E308D41}.Debug|Win32.Deploy.0 = Debug|Win32
		{A26ADEAB-1ACB-4D3F-AC5E-91995E308D41}.Debug|x64.ActiveCfg = Debug|x64
		{A26ADEAB-1ACB-4D3F-AC5E-91995E308D41}.Debug|x64.Build.0 = Debug|x64
		{A26ADEAB-1ACB-4D3F-AC5E-91995E308D41}.Debug|x64.Deploy.0 = Debug|x64
		{A26ADEAB-1ACB-4D3F-AC5E-91995E308D41}.Release|Win32.ActiveCfg = Release|Win32
		{A26ADEAB-1ACB-4D3F-AC5E-91995E308D41}.Release|Win32.Build.0 = Release|Win32
		{A26ADEAB-1ACB-4D3F-AC5E-91995E308D41}.Release|Win32.Deploy.0 = Release|Win32
		{A26ADEAB-1ACB-4D3F-AC5E-91995E308D41}.Release|x64.ActiveCfg = Release|x64
		{A26ADEAB-1ACB-4D3F-AC5E-91995E308D41}.Release|x64.Build.0 = Release|x64
		{A26ADEAB-1ACB-4D3F-AC5E-91995E308D41}.Release|x64.Deploy.0 = Release|x64
		{830B766E-E993-4796-A45C-A2AC773ED338}.Debug|Win32.ActiveCfg = Debug|Win32
		{830B766E-E993-4796-A45C-A2AC773ED338}.Debug|Win32.Build.0 = Debug|Win32
		{830B766E-E993-4796-A45C-A2AC773ED338}.Debug|Win32.Deploy.0 = Debug|Win32
		{830B766E-E993-4796-A45C-A2AC773ED338}.Debug|x64.ActiveCfg = Debug|x64
		{830B766E-E993-4796-A45C-A2AC773ED338}.Debug|x64.Build.0 = Debug|x64
		{830B766E-E993-4796-A45C-A2AC773ED338}.Debug|x64.Deploy.0 = Debug|x64
		{830B766E-E993-4796-A45C-A2AC773ED338}.Release|Win32.ActiveCfg = Release|Win32
		{830B766E-E993-4796-A45C-A2AC773ED338}.Release|Win32.Build.0 = Release|Win32
		{830B766E-E993-4796-A45C-A2AC773ED338}.Release|Win32.Deploy.0 = Release|Win32
		{830B766E-E993-4796-A45C-A2AC773ED338}.Release|x64.ActiveCfg = Release|x64
		{830B766E-E993-4796-A45C-A2AC773ED338}.Release|x64.Build.0 = Release|x64
		{830B766E-E993-4796-A45C-A2AC773ED338}.Release|x64.Deploy.0 = Release|x64
		{5838C2F3-CE27-43BC-AB14-646A76F3FB10}.Debug|Win32.ActiveCfg = Debug|Win32
		{5838C2F3-CE27-43BC-AB14-646A76F3FB10}.Debug|Win32.Build.0 = Debug|Win32
		{5838C2F3-CE27-43BC-AB14-646A76F3FB10}.Debug|Win32.Deploy.0 = Debug|Win32
		{5838C2F3-CE27-43BC-AB14-646A76F3FB10}.Debug|x64.ActiveCfg = Debug|x64
		{5838C2F3-CE27-43BC-AB14-646A76F3FB10}.Debug|x64.Build.0 = Debug|x64
		{5838C2F3-CE27-43BC-AB14-646A76F3FB10}.Debug|x64.Deploy.0 = Debug|x64
		{5838C2F3-CE27-43BC-AB14-646A76F3FB10}.Release|Win32.ActiveCfg = Release|Win32
		{5838C2F3-CE27-43BC-AB14-646A76F3FB10}.Release|Win32.Build.0 = Release|Win32
		{5838C2F3-CE27-43BC-AB14-646A76F3FB10}.Release|Win32.Deploy.0 = Release|Win32
		{5838C2F3-CE27-43BC-AB14-646A76F3FB10}.Release|x64.ActiveCfg = Release|x64
		{5838C2F3-CE27-43BC-AB14-646A76F3FB10}.Release|x64.Build.0 = Release|x64
		{5838C2F3-CE27-43BC-AB14-646A76F3FB10}.Release|x64.Deploy.0 = Release|x64
		{FB255225-42E2-4EC0-B1CE-62E9C6E1E2CE}.Debug|Win32.ActiveCfg = Debug|Win32
		{FB255225-42E2-4EC0-B1CE-62E9C6E1E2CE}.Debug|Win32.Build.0 = Debug|Win32
		{FB255225-42E2-4EC0-B1CE-62E9C6E1E2CE}.Debug|Win32.Deploy.0 = Debug|Win32
		{FB255225-42E2-4EC0-B1CE-62E9C6E1E2CE}.Debug|x64.ActiveCfg = Debug|x64
		{FB255225-42E2-4EC0-B1CE-62E9C6E1E2CE}.Debug|x64.Build.0 = Debug|x64
		{FB255225-42E2-4EC0-B1CE-62E9C6E1E2CE}.Debug|x64.Deploy.0 = Debug|x64
		{FB255225-42E2-4EC0-B1CE-62E9C6E1E2CE}.Release|Win32.ActiveCfg = Release|Win32
		{FB255225-42E2-4EC0-B1CE-62E9C6E1E2CE}.Release|Win32.Build.0 = Release|Win32
		{FB255225-42E2-4EC0-B1CE-62E9C6E1E2CE}.Release|Win32.Deploy.0 = Release|Win32
		{FB255225-42E2-4EC0-B1CE-62E9C6E1E2CE}.Release|x64.ActiveCfg = Release|x64
		{FB255225-42E2-4EC0-B1CE-62E9C6E1E2CE}.Release|x64.Build.0 = Release|x64
		{FB255225-42E2-4EC0-B1CE-62E9C6E1E2CE}.Release|x64.Deploy.0 = Release|x64
		{F2464D5A-2CE1-43F7-9E8F-D8808816865D}.Debug|Win32.ActiveCfg = Debug|Win32
		{F2464D5A-2CE1-43F7-9E8F-D8808816865D}.Debug|Win32.Build.0 = Debug|Win32
		{F2464D5A-2CE1-43F7-9E8F-D8808816865D}.Debug|Win32.Deploy.0 = Debug|Win32
		{F2464D5A-2CE1-43F7-9E8F-D8808816865D}.Debug|x64.ActiveCfg = Debug|x64
		{F2464D5A-2CE1-43F7-9E8F-D8808816865D}.Debug|x64.Build.0 = Debug|x64
		{F2464D5A-2CE1-43F7-9E8F-D8808816865D}.Debug|x64.Deploy.0 = Debug|x64
		{F2464D5A-2CE1-43F7-9E8F-D8808816865D}.Release|Win32.ActiveCfg = Release|Win32
		{F2464D5A-2CE1-43F7-9E8F-D8808816865D}.Release|Win32.Build.0 = Release|Win32
		{F2464D5A-2CE1-43F7-9E8F-D8808816865D}.Release|Win32.Deploy.0 = Release|Win32
		{F2464D5A-2CE1-43F7-9E8F-D8808816865D}.Release|x64.ActiveCfg = Release|x64
		{F2464D5A-2CE1-43F7-9E8F-D8808816865D}.Release|x64.Build.0 = Release|x64
		{F2464D5A-2CE1-43F7-9E8F-D8808816865D}.Release|x64.Deploy.0 = Release|x64
		{77112A51-2FA5-4CC8-9F96-F8065105CED5}.Debug|Win32.ActiveCfg = Debug|Win32
		{77112A51-2FA5-4CC8-9F96-F8065105CED5}.Debug|Win32.Build.0 = Debug|Win32
		{77112A51-2FA5-4CC8-9F96-F8065105CED5}.Debug|Win32.Deploy.0 = Debug|Win32
		{77112A51-2FA5-4CC8-9F96-F8065105CED5}.Debug|x64.ActiveCfg = Debug|x64
		{77112A51-2FA5-4CC8-9F96-F8065105CED5}.Debug|x64.Build.0 = Debug|x64
		{77112A51-2FA5-4CC8-9F96-F8065105CED5}.Debug|x64.Deploy.0 = Debug|x64
		{77112A51-2FA5-4CC8-9F96-F8065105CED5}.Release|Win32.ActiveCfg = Release|Win32
		{77112A51-2FA5-4CC8-9F96-F8065105CED5}.Release|Win32.Build.0 = Release|Win32
		{77112A51-2FA5-4CC8-9F96-F8065105CED5}.Release|Win32.Deploy.0 = Release|Win32
		{77112A51-2FA5-4CC8-9F96-F8065105CED5}.Release|x64.ActiveCfg = Release|x64
		{77112A51-2FA5-4CC8-9F96-F8065105CED5}.Release|x64.Build.0 = Release|x64
		{77112A51-2FA5-4CC8-9F96-F8065105CED5}.Release|x64.Deploy.0 = Release|x64
		{F07B1FDD-CF8C-4332-8F2A-3214B523AA71}.Debug|Win32.ActiveCfg = Debug|Win32
		{F07B1FDD-CF8C-4332-8F2A-3214B523AA71}.Debug|Win32.Build.0 = Debug|Win32
		{F07B1FDD-CF8C-4332-8F2A-3214B523AA71}.Debug|Win32.Deploy.0 = Debug|Win32
		{F07B1FDD-CF8C-4332-8F2A-3214B523AA71}.Debug|x64.ActiveCfg = Debug|x64
		{F07B1FDD-CF8C-4332-8F2A-3214B523AA71}.Debug|x64.Build.0 = Debug|x64
		{F07B1FDD-CF8C-4332-8F2A-3214B523AA71}.Debug|x64.Deploy.0 = Debug|x64
		{F07B1FDD-CF8C-4332-8F2A-3214B523AA71}.Release|Win32.ActiveCfg = Release|Win32
		{F07B1FDD-CF8C-4332-8F2A-3214B523AA71}.Release|Win32.Build.0 = Release|Win32
		{F07B1FDD-CF8C-4332-8F2A-3214B523AA71}.Release|Win32.Deploy.0 = Release|Win32
		{F07B1FDD-CF8C-4332-8F2A-3214B523AA71}.Release|x64.ActiveCfg = Release|x64
		{F07B1FDD-CF8C-4332-8F2A-3214B523AA71}.Release|x64.Build.0 = Release|x64
		{F07B1FDD-CF8C-4332-8F2A-3214B523AA71}.Release|x64.Deploy.0 = Release|x64
		{AE08DB84-613F-4B2D-A5BD-427848120ADE}.Debug|Win32.ActiveCfg = Debug|Win32
		{AE08DB84-613F-4B2D-A5BD-427848120ADE}.Debug|Win32.Build.0 = Debug|Win32
		{AE08DB84-613F-4B2D-A5BD-427848120ADE}.Debug|Win32.Deploy.0 = Debug|Win32
		{AE08DB84-613F-4B2D-A5BD-427848120ADE}.Debug|x64.ActiveCfg = Debug|x64
		{AE08DB84-613F-4B2D-A5BD-427848120ADE}.Debug|x64.Build.0 = Debug|x64
		{AE08DB84-613F-4B2D-A5BD-427848120ADE}.Debug|x64.Deploy.0 = Debug|x64
		{AE08DB84-613F-4B2D-A5BD-427848120ADE}.Release|Win32.ActiveCfg = Release|Win32
		{AE08DB84-613F-4B2D-A5BD-427848120ADE}.Release|Win32.Build.0 = Release|Win32
		{AE08DB84-613F-4B2D-A5BD-427848120ADE}.Release|Win32.Deploy.0 = Release|Win32
		{AE08DB84-613F-4B2D-A5BD-427848120ADE}.Release|x64.ActiveCfg = Release|x64
		{AE08DB84-613F-4B2D-A5BD-427848120ADE}.Release|x64.Build.0 = Release|x64
		{AE08DB84-613F-4B2D-A5BD-427848120ADE}.Release|x64.Deploy.0 = Release|x64
		{7A69CDCE-D5B3-4111-A98B-69FE2AAEBB5D}.Debug|Win32.ActiveCfg = Debug|Win32
		{7A69CDCE-D5B3-4111-A98B-69FE2AAEBB5D}.Debug|Win32.Build.0 = Debug|Win32
		{7A69CDCE-D5B3-4111-A98B-69FE2AAEBB5D}.Debug|Win32.Deploy.0 = Debug|Win32
		{7A69CDCE-D5B3-4111-A98B-69FE2AAEBB5D}.Debug|x64.ActiveCfg = Debug|x64
		{7A69CDCE-D5B3-4111-A98B-69FE2AAEBB5D}.Debug|x64.Build.0 = Debug|x64
		{7A69CDCE-D5B3-4111-A98B-69FE2AAEBB5D}.Debug|x64.Deploy.0 = Debug|x64
		{7A69CDCE-D5B3-4111-A98B-69FE2AAEBB5D}.Release|Win32.ActiveCfg = Release|Win32
		{7A69CDCE-D5B3-4111-A98B-69FE2AAEBB5D}.Release|Win32.Build.0 = Release|Win32
		{7A69CDCE-D5B3-4111-A98B-69FE2AAEBB5D}.Release|Win32.Deploy.0 = Release|Win32
		{7A69CDCE-D5B3-4111-A98B-69FE2AAEBB5D}.Release|x64.ActiveCfg = Release|x64
		{7A69CDCE-D5B3-4111-A98B-69FE2AAEBB5D}.Release|x64.Build.0 = Release|x64
		{7A69CDCE-D5B3-4111-A98B-69FE2AAEBB5D}.Release|x64.Deploy.0 = Release|x64
		{4DD281D5-03D9-4951-BF02-22F0B6C8C25D}.Debug|Win32.ActiveCfg = Debug|Win32
		{4DD281D5-03D9-4951-BF02-22F0B6C8C25D}.Debug|Win32.Build.0 = Debug|Win32
		{4DD281D5-03D9-4951-BF02-22F0B6C8C25D}.Debug|Win32.Deploy.0 = Debug|Win32
		{4DD281D5-03D9-4951-BF02-22F0B6C8C25D}.Debug|x64.ActiveCfg = Debug|x64
		{4DD281D5-03D9-4951-BF02-22F0B6C8C25D}.Debug|x64.Build.0 = Debug|x64
		{4DD281D5-03D9-4951-BF02-22F0B6C8C25D}.Debug|x64.Deploy.0 = Debug|x64
		{4DD281D5-03D9-4951-BF02-22F0B6C8C25D}.Release|Win32.ActiveCfg = Release|Win32
		{4DD281D5-03D9-4951-BF02-22F0B6C8C25D}.Release|Win32.Build.0 = Release|Win32
		{4DD281D5-03D9-4951-BF02-22F0B6C8C25D}.Release|Win32.Deploy.0 = Release|Win32
		{4DD281D5-03D9-4951-BF02-22F0B6C8C25D}.Release|x64.ActiveCfg = Release|x64
		{4DD281D5-03D9-4951-BF02-22F0B6C8C25D}.Release|x64.Build.0 = Release|x64
		{4DD281D5-03D9-4951-BF02-22F0B6C8C25D}.Release|x64.Deploy.0 = Release|x64
		{D570A86B-A13A-4694-B69F-2954E6A1BDF0}.Debug|Win32.ActiveCfg = Debug|Win32
		{D570A86B-A13A-4694-B69F-2954E6A1BDF0}.Debug|Win32.Build.0 = Debug|Win32
		{D570A86B-A13A-4694-B69F-2954E6A1BDF0}.Debug|Win32.Deploy.0 = Debug|Win32
		{D570A86B-A13A-4694-B69F-2954E6A1BDF0}.Debug|x64.ActiveCfg = Debug|x64
		{D570A86B-A13A-4694-B69F-2954E6A1BDF0}.Debug|x64.Build.0 = Debug|x64
		{D570A86B-A13A-4694-B69F-2954E6A1BDF0}.Debug|x64.Deploy.0 = Debug|x64
		{D570A86B-A13A-4694-B69F-2954E6A1BDF0}.Release|Win32.ActiveCfg = Release|Win32
		{D570A86B-A13A-4694-B69F-2954E6A1BDF0}.Release|Win32.Build.0 = Release|Win32
		{D570A86B-A13A-4694-B69F-2954E6A1BDF0}.Release|Win32.Deploy.0 = Release|Win32
		{D570A86B-A13A-4694-B69F-2954E6A1BDF0}.Release|x64.ActiveCfg = Release|x64
		{D570A86B-A13A-4694-B69F-2954E6A1BDF0}.Release|x64.Build.0 = Release|x64
		{D570A86B-A13A-4694-B69F-2954E6A1BDF0}.Release|x64.Deploy.0 = Release|x64
	EndGlobalSection
	GlobalSection(SolutionProperties) = preSolution
		HideSolutionNode = FALSE
	EndGlobalSection
EndGlobal
