<?xml version="1.0" encoding="utf-8"?>
<Project ToolsVersion="4.0" xmlns="http://schemas.microsoft.com/developer/msbuild/2003">
  <ItemGroup>
    <Filter Include="Sample">
      <UniqueIdentifier>{dbe46cd2-fb0f-4cca-b171-73a6e5d9068d}</UniqueIdentifier>
    </Filter>
    <Filter Include="Plugin">
      <UniqueIdentifier>{e58e080c-05cf-41ac-9e5d-8cd298c28aca}</UniqueIdentifier>
    </Filter>
  </ItemGroup>
  <ItemGroup>
    <ClCompile Include="RPC3Sample.cpp">
      <Filter>Sample</Filter>
    </ClCompile>
    <ClCompile Include="..\..\DependentExtensions\RPC3\RPC3.cpp">
      <Filter>Plugin</Filter>
    </ClCompile>
  </ItemGroup>
  <ItemGroup>
    <ClInclude Include="..\..\DependentExtensions\RPC3\RPC3.h">
      <Filter>Plugin</Filter>
    </ClInclude>
    <ClInclude Include="..\..\DependentExtensions\RPC3\RPC3_Boost.h">
      <Filter>Plugin</Filter>
    </ClInclude>
  </ItemGroup>
  <ItemGroup>
    <Text Include="readme.txt" />
  </ItemGroup>
</Project>